// !$*UTF8*$!
{
	archiveVersion = 1;
	classes = {
	};
	objectVersion = 48;
	objects = {

/* Begin PBXBuildFile section */
		4F026FDA1F9ECB78006DEABF /* Manager4CacheArticle.swift in Sources */ = {isa = PBXBuildFile; fileRef = 4F026FD91F9ECB78006DEABF /* Manager4CacheArticle.swift */; };
		4F026FDD1F9ECBFD006DEABF /* Article.swift in Sources */ = {isa = PBXBuildFile; fileRef = 4F026FDC1F9ECBFD006DEABF /* Article.swift */; };
		4F026FDF1F9ECC13006DEABF /* BBCSportNews.swift in Sources */ = {isa = PBXBuildFile; fileRef = 4F026FDE1F9ECC13006DEABF /* BBCSportNews.swift */; };
		4F026FE11F9ECF26006DEABF /* PendingOperations.swift in Sources */ = {isa = PBXBuildFile; fileRef = 4F026FE01F9ECF26006DEABF /* PendingOperations.swift */; };
		4F0E3D671F9F35E80031DF11 /* SwiftNotificationCenter.swift in Sources */ = {isa = PBXBuildFile; fileRef = 4F0E3D651F9F35AF0031DF11 /* SwiftNotificationCenter.swift */; };
		4F0E3D681F9F35E80031DF11 /* WeakObjectSet.swift in Sources */ = {isa = PBXBuildFile; fileRef = 4F0E3D661F9F35AF0031DF11 /* WeakObjectSet.swift */; };
		4F0E3D6B1F9F36150031DF11 /* NotificationProtocol.swift in Sources */ = {isa = PBXBuildFile; fileRef = 4F0E3D6A1F9F36150031DF11 /* NotificationProtocol.swift */; };
		4F0E3D6D1F9F3BAD0031DF11 /* Manager4LocalStorage.swift in Sources */ = {isa = PBXBuildFile; fileRef = 4F0E3D6C1F9F3BAD0031DF11 /* Manager4LocalStorage.swift */; };
		4F0E3D6F1F9F4DC40031DF11 /* Manager4CacheArticleImages.swift in Sources */ = {isa = PBXBuildFile; fileRef = 4F0E3D6E1F9F4DC40031DF11 /* Manager4CacheArticleImages.swift */; };
		4F1D916B1F9F34E500B06083 /* NetReachability.swift in Sources */ = {isa = PBXBuildFile; fileRef = 4F1D91681F9F324100B06083 /* NetReachability.swift */; };
		4F27B1721F9E0AE200301EC7 /* Manager4Network.swift in Sources */ = {isa = PBXBuildFile; fileRef = 4F27B1711F9E0AE200301EC7 /* Manager4Network.swift */; };
		4F27B1751F9E10D400301EC7 /* ArticleInfoTVCell.swift in Sources */ = {isa = PBXBuildFile; fileRef = 4F27B1741F9E10D400301EC7 /* ArticleInfoTVCell.swift */; };
		4F2A25081F9E2B4C0049C071 /* WebKit.framework in Frameworks */ = {isa = PBXBuildFile; fileRef = 4F2A25071F9E2B4C0049C071 /* WebKit.framework */; };
		4F543EFF1F9E013E0075F384 /* AppDelegate.swift in Sources */ = {isa = PBXBuildFile; fileRef = 4F543EFE1F9E013E0075F384 /* AppDelegate.swift */; };
		4F543F011F9E013E0075F384 /* SportNewsTableVC.swift in Sources */ = {isa = PBXBuildFile; fileRef = 4F543F001F9E013E0075F384 /* SportNewsTableVC.swift */; };
		4F543F031F9E013E0075F384 /* ArticleDetailVC.swift in Sources */ = {isa = PBXBuildFile; fileRef = 4F543F021F9E013E0075F384 /* ArticleDetailVC.swift */; };
		4F543F061F9E013E0075F384 /* Main.storyboard in Resources */ = {isa = PBXBuildFile; fileRef = 4F543F041F9E013E0075F384 /* Main.storyboard */; };
		4F543F081F9E013E0075F384 /* Assets.xcassets in Resources */ = {isa = PBXBuildFile; fileRef = 4F543F071F9E013E0075F384 /* Assets.xcassets */; };
		4F543F0B1F9E013E0075F384 /* LaunchScreen.storyboard in Resources */ = {isa = PBXBuildFile; fileRef = 4F543F091F9E013E0075F384 /* LaunchScreen.storyboard */; };
		4F543F161F9E013E0075F384 /* BBSportNewsTests.swift in Sources */ = {isa = PBXBuildFile; fileRef = 4F543F151F9E013E0075F384 /* BBSportNewsTests.swift */; };
		4F543F211F9E013E0075F384 /* BBSportNewsUITests.swift in Sources */ = {isa = PBXBuildFile; fileRef = 4F543F201F9E013E0075F384 /* BBSportNewsUITests.swift */; };
/* End PBXBuildFile section */

/* Begin PBXContainerItemProxy section */
		4F543F121F9E013E0075F384 /* PBXContainerItemProxy */ = {
			isa = PBXContainerItemProxy;
			containerPortal = 4F543EF31F9E013E0075F384 /* Project object */;
			proxyType = 1;
			remoteGlobalIDString = 4F543EFA1F9E013E0075F384;
			remoteInfo = BBSportNews;
		};
		4F543F1D1F9E013E0075F384 /* PBXContainerItemProxy */ = {
			isa = PBXContainerItemProxy;
			containerPortal = 4F543EF31F9E013E0075F384 /* Project object */;
			proxyType = 1;
			remoteGlobalIDString = 4F543EFA1F9E013E0075F384;
			remoteInfo = BBSportNews;
		};
/* End PBXContainerItemProxy section */

/* Begin PBXFileReference section */
		4F026FD91F9ECB78006DEABF /* Manager4CacheArticle.swift */ = {isa = PBXFileReference; lastKnownFileType = sourcecode.swift; path = Manager4CacheArticle.swift; sourceTree = "<group>"; };
		4F026FDC1F9ECBFD006DEABF /* Article.swift */ = {isa = PBXFileReference; lastKnownFileType = sourcecode.swift; path = Article.swift; sourceTree = "<group>"; };
		4F026FDE1F9ECC13006DEABF /* BBCSportNews.swift */ = {isa = PBXFileReference; lastKnownFileType = sourcecode.swift; path = BBCSportNews.swift; sourceTree = "<group>"; };
		4F026FE01F9ECF26006DEABF /* PendingOperations.swift */ = {isa = PBXFileReference; lastKnownFileType = sourcecode.swift; path = PendingOperations.swift; sourceTree = "<group>"; };
		4F0E3D651F9F35AF0031DF11 /* SwiftNotificationCenter.swift */ = {isa = PBXFileReference; lastKnownFileType = sourcecode.swift; path = SwiftNotificationCenter.swift; sourceTree = "<group>"; };
		4F0E3D661F9F35AF0031DF11 /* WeakObjectSet.swift */ = {isa = PBXFileReference; lastKnownFileType = sourcecode.swift; path = WeakObjectSet.swift; sourceTree = "<group>"; };
		4F0E3D6A1F9F36150031DF11 /* NotificationProtocol.swift */ = {isa = PBXFileReference; lastKnownFileType = sourcecode.swift; path = NotificationProtocol.swift; sourceTree = "<group>"; };
		4F0E3D6C1F9F3BAD0031DF11 /* Manager4LocalStorage.swift */ = {isa = PBXFileReference; lastKnownFileType = sourcecode.swift; path = Manager4LocalStorage.swift; sourceTree = "<group>"; };
		4F0E3D6E1F9F4DC40031DF11 /* Manager4CacheArticleImages.swift */ = {isa = PBXFileReference; lastKnownFileType = sourcecode.swift; path = Manager4CacheArticleImages.swift; sourceTree = "<group>"; };
		4F1D91681F9F324100B06083 /* NetReachability.swift */ = {isa = PBXFileReference; lastKnownFileType = sourcecode.swift; path = NetReachability.swift; sourceTree = "<group>"; };
		4F1D91691F9F349000B06083 /* SystemConfiguration.framework */ = {isa = PBXFileReference; lastKnownFileType = wrapper.framework; name = SystemConfiguration.framework; path = System/Library/Frameworks/SystemConfiguration.framework; sourceTree = SDKROOT; };
		4F27B1711F9E0AE200301EC7 /* Manager4Network.swift */ = {isa = PBXFileReference; lastKnownFileType = sourcecode.swift; path = Manager4Network.swift; sourceTree = "<group>"; };
		4F27B1741F9E10D400301EC7 /* ArticleInfoTVCell.swift */ = {isa = PBXFileReference; lastKnownFileType = sourcecode.swift; path = ArticleInfoTVCell.swift; sourceTree = "<group>"; };
		4F2A25071F9E2B4C0049C071 /* WebKit.framework */ = {isa = PBXFileReference; lastKnownFileType = wrapper.framework; name = WebKit.framework; path = System/Library/Frameworks/WebKit.framework; sourceTree = SDKROOT; };
		4F543EFB1F9E013E0075F384 /* BBSportNews.app */ = {isa = PBXFileReference; explicitFileType = wrapper.application; includeInIndex = 0; path = BBSportNews.app; sourceTree = BUILT_PRODUCTS_DIR; };
		4F543EFE1F9E013E0075F384 /* AppDelegate.swift */ = {isa = PBXFileReference; lastKnownFileType = sourcecode.swift; path = AppDelegate.swift; sourceTree = "<group>"; };
		4F543F001F9E013E0075F384 /* SportNewsTableVC.swift */ = {isa = PBXFileReference; lastKnownFileType = sourcecode.swift; path = SportNewsTableVC.swift; sourceTree = "<group>"; };
		4F543F021F9E013E0075F384 /* ArticleDetailVC.swift */ = {isa = PBXFileReference; lastKnownFileType = sourcecode.swift; path = ArticleDetailVC.swift; sourceTree = "<group>"; };
		4F543F051F9E013E0075F384 /* Base */ = {isa = PBXFileReference; lastKnownFileType = file.storyboard; name = Base; path = Base.lproj/Main.storyboard; sourceTree = "<group>"; };
		4F543F071F9E013E0075F384 /* Assets.xcassets */ = {isa = PBXFileReference; lastKnownFileType = folder.assetcatalog; path = Assets.xcassets; sourceTree = "<group>"; };
		4F543F0A1F9E013E0075F384 /* Base */ = {isa = PBXFileReference; lastKnownFileType = file.storyboard; name = Base; path = Base.lproj/LaunchScreen.storyboard; sourceTree = "<group>"; };
		4F543F0C1F9E013E0075F384 /* Info.plist */ = {isa = PBXFileReference; lastKnownFileType = text.plist.xml; path = Info.plist; sourceTree = "<group>"; };
		4F543F111F9E013E0075F384 /* BBSportNewsTests.xctest */ = {isa = PBXFileReference; explicitFileType = wrapper.cfbundle; includeInIndex = 0; path = BBSportNewsTests.xctest; sourceTree = BUILT_PRODUCTS_DIR; };
		4F543F151F9E013E0075F384 /* BBSportNewsTests.swift */ = {isa = PBXFileReference; lastKnownFileType = sourcecode.swift; path = BBSportNewsTests.swift; sourceTree = "<group>"; };
		4F543F171F9E013E0075F384 /* Info.plist */ = {isa = PBXFileReference; lastKnownFileType = text.plist.xml; path = Info.plist; sourceTree = "<group>"; };
		4F543F1C1F9E013E0075F384 /* BBSportNewsUITests.xctest */ = {isa = PBXFileReference; explicitFileType = wrapper.cfbundle; includeInIndex = 0; path = BBSportNewsUITests.xctest; sourceTree = BUILT_PRODUCTS_DIR; };
		4F543F201F9E013E0075F384 /* BBSportNewsUITests.swift */ = {isa = PBXFileReference; lastKnownFileType = sourcecode.swift; path = BBSportNewsUITests.swift; sourceTree = "<group>"; };
		4F543F221F9E013E0075F384 /* Info.plist */ = {isa = PBXFileReference; lastKnownFileType = text.plist.xml; path = Info.plist; sourceTree = "<group>"; };
/* End PBXFileReference section */

/* Begin PBXFrameworksBuildPhase section */
		4F543EF81F9E013E0075F384 /* Frameworks */ = {
			isa = PBXFrameworksBuildPhase;
			buildActionMask = 2147483647;
			files = (
				4F2A25081F9E2B4C0049C071 /* WebKit.framework in Frameworks */,
			);
			runOnlyForDeploymentPostprocessing = 0;
		};
		4F543F0E1F9E013E0075F384 /* Frameworks */ = {
			isa = PBXFrameworksBuildPhase;
			buildActionMask = 2147483647;
			files = (
			);
			runOnlyForDeploymentPostprocessing = 0;
		};
		4F543F191F9E013E0075F384 /* Frameworks */ = {
			isa = PBXFrameworksBuildPhase;
			buildActionMask = 2147483647;
			files = (
			);
			runOnlyForDeploymentPostprocessing = 0;
		};
/* End PBXFrameworksBuildPhase section */

/* Begin PBXGroup section */
		4F026FDB1F9ECBEF006DEABF /* Model */ = {
			isa = PBXGroup;
			children = (
				4F026FDC1F9ECBFD006DEABF /* Article.swift */,
				4F026FDE1F9ECC13006DEABF /* BBCSportNews.swift */,
				4F026FE01F9ECF26006DEABF /* PendingOperations.swift */,
			);
			path = Model;
			sourceTree = "<group>";
		};
		4F0E3D641F9F35AF0031DF11 /* SwiftNotificationCenter */ = {
			isa = PBXGroup;
			children = (
				4F0E3D651F9F35AF0031DF11 /* SwiftNotificationCenter.swift */,
				4F0E3D661F9F35AF0031DF11 /* WeakObjectSet.swift */,
			);
			path = SwiftNotificationCenter;
			sourceTree = "<group>";
		};
		4F0E3D691F9F36050031DF11 /* Utils */ = {
			isa = PBXGroup;
			children = (
				4F0E3D6A1F9F36150031DF11 /* NotificationProtocol.swift */,
			);
			path = Utils;
			sourceTree = "<group>";
		};
		4F1D91671F9F323000B06083 /* Libs */ = {
			isa = PBXGroup;
			children = (
				4F0E3D641F9F35AF0031DF11 /* SwiftNotificationCenter */,
				4F1D91681F9F324100B06083 /* NetReachability.swift */,
			);
			path = Libs;
			sourceTree = "<group>";
		};
		4F27B1701F9E0A8500301EC7 /* Manager */ = {
			isa = PBXGroup;
			children = (
				4F27B1711F9E0AE200301EC7 /* Manager4Network.swift */,
				4F026FD91F9ECB78006DEABF /* Manager4CacheArticle.swift */,
				4F0E3D6C1F9F3BAD0031DF11 /* Manager4LocalStorage.swift */,
				4F0E3D6E1F9F4DC40031DF11 /* Manager4CacheArticleImages.swift */,
			);
			path = Manager;
			sourceTree = "<group>";
		};
		4F27B1731F9E107F00301EC7 /* ViewsAndVC */ = {
			isa = PBXGroup;
			children = (
				4F543F001F9E013E0075F384 /* SportNewsTableVC.swift */,
				4F543F021F9E013E0075F384 /* ArticleDetailVC.swift */,
				4F27B1741F9E10D400301EC7 /* ArticleInfoTVCell.swift */,
			);
			path = ViewsAndVC;
			sourceTree = "<group>";
		};
		4F2A25061F9E2B4C0049C071 /* Frameworks */ = {
			isa = PBXGroup;
			children = (
				4F1D91691F9F349000B06083 /* SystemConfiguration.framework */,
				4F2A25071F9E2B4C0049C071 /* WebKit.framework */,
			);
			name = Frameworks;
			sourceTree = "<group>";
		};
		4F543EF21F9E013E0075F384 = {
			isa = PBXGroup;
			children = (
				4F543EFD1F9E013E0075F384 /* BBSportNews */,
				4F543F141F9E013E0075F384 /* BBSportNewsTests */,
				4F543F1F1F9E013E0075F384 /* BBSportNewsUITests */,
				4F543EFC1F9E013E0075F384 /* Products */,
				4F2A25061F9E2B4C0049C071 /* Frameworks */,
			);
			sourceTree = "<group>";
		};
		4F543EFC1F9E013E0075F384 /* Products */ = {
			isa = PBXGroup;
			children = (
				4F543EFB1F9E013E0075F384 /* BBSportNews.app */,
				4F543F111F9E013E0075F384 /* BBSportNewsTests.xctest */,
				4F543F1C1F9E013E0075F384 /* BBSportNewsUITests.xctest */,
			);
			name = Products;
			sourceTree = "<group>";
		};
		4F543EFD1F9E013E0075F384 /* BBSportNews */ = {
			isa = PBXGroup;
			children = (
				4F0E3D691F9F36050031DF11 /* Utils */,
				4F1D91671F9F323000B06083 /* Libs */,
				4F543F2E1F9E01F00075F384 /* SupportingFiles */,
				4F026FDB1F9ECBEF006DEABF /* Model */,
				4F27B1701F9E0A8500301EC7 /* Manager */,
				4F27B1731F9E107F00301EC7 /* ViewsAndVC */,
				4F543EFE1F9E013E0075F384 /* AppDelegate.swift */,
				4F543F041F9E013E0075F384 /* Main.storyboard */,
				4F543F0C1F9E013E0075F384 /* Info.plist */,
			);
			path = BBSportNews;
			sourceTree = "<group>";
		};
		4F543F141F9E013E0075F384 /* BBSportNewsTests */ = {
			isa = PBXGroup;
			children = (
				4F543F151F9E013E0075F384 /* BBSportNewsTests.swift */,
				4F543F171F9E013E0075F384 /* Info.plist */,
			);
			path = BBSportNewsTests;
			sourceTree = "<group>";
		};
		4F543F1F1F9E013E0075F384 /* BBSportNewsUITests */ = {
			isa = PBXGroup;
			children = (
				4F543F201F9E013E0075F384 /* BBSportNewsUITests.swift */,
				4F543F221F9E013E0075F384 /* Info.plist */,
			);
			path = BBSportNewsUITests;
			sourceTree = "<group>";
		};
		4F543F2E1F9E01F00075F384 /* SupportingFiles */ = {
			isa = PBXGroup;
			children = (
				4F543F071F9E013E0075F384 /* Assets.xcassets */,
				4F543F091F9E013E0075F384 /* LaunchScreen.storyboard */,
			);
			path = SupportingFiles;
			sourceTree = "<group>";
		};
/* End PBXGroup section */

/* Begin PBXNativeTarget section */
		4F543EFA1F9E013E0075F384 /* BBSportNews */ = {
			isa = PBXNativeTarget;
			buildConfigurationList = 4F543F251F9E013E0075F384 /* Build configuration list for PBXNativeTarget "BBSportNews" */;
			buildPhases = (
				4F543EF71F9E013E0075F384 /* Sources */,
				4F543EF81F9E013E0075F384 /* Frameworks */,
				4F543EF91F9E013E0075F384 /* Resources */,
			);
			buildRules = (
			);
			dependencies = (
			);
			name = BBSportNews;
			productName = BBSportNews;
			productReference = 4F543EFB1F9E013E0075F384 /* BBSportNews.app */;
			productType = "com.apple.product-type.application";
		};
		4F543F101F9E013E0075F384 /* BBSportNewsTests */ = {
			isa = PBXNativeTarget;
			buildConfigurationList = 4F543F281F9E013E0075F384 /* Build configuration list for PBXNativeTarget "BBSportNewsTests" */;
			buildPhases = (
				4F543F0D1F9E013E0075F384 /* Sources */,
				4F543F0E1F9E013E0075F384 /* Frameworks */,
				4F543F0F1F9E013E0075F384 /* Resources */,
			);
			buildRules = (
			);
			dependencies = (
				4F543F131F9E013E0075F384 /* PBXTargetDependency */,
			);
			name = BBSportNewsTests;
			productName = BBSportNewsTests;
			productReference = 4F543F111F9E013E0075F384 /* BBSportNewsTests.xctest */;
			productType = "com.apple.product-type.bundle.unit-test";
		};
		4F543F1B1F9E013E0075F384 /* BBSportNewsUITests */ = {
			isa = PBXNativeTarget;
			buildConfigurationList = 4F543F2B1F9E013E0075F384 /* Build configuration list for PBXNativeTarget "BBSportNewsUITests" */;
			buildPhases = (
				4F543F181F9E013E0075F384 /* Sources */,
				4F543F191F9E013E0075F384 /* Frameworks */,
				4F543F1A1F9E013E0075F384 /* Resources */,
			);
			buildRules = (
			);
			dependencies = (
				4F543F1E1F9E013E0075F384 /* PBXTargetDependency */,
			);
			name = BBSportNewsUITests;
			productName = BBSportNewsUITests;
			productReference = 4F543F1C1F9E013E0075F384 /* BBSportNewsUITests.xctest */;
			productType = "com.apple.product-type.bundle.ui-testing";
		};
/* End PBXNativeTarget section */

/* Begin PBXProject section */
		4F543EF31F9E013E0075F384 /* Project object */ = {
			isa = PBXProject;
			attributes = {
				LastSwiftUpdateCheck = 0900;
				LastUpgradeCheck = 0900;
				ORGANIZATIONNAME = dat;
				TargetAttributes = {
					4F543EFA1F9E013E0075F384 = {
						CreatedOnToolsVersion = 9.0;
						ProvisioningStyle = Automatic;
					};
					4F543F101F9E013E0075F384 = {
						CreatedOnToolsVersion = 9.0;
						ProvisioningStyle = Automatic;
						TestTargetID = 4F543EFA1F9E013E0075F384;
					};
					4F543F1B1F9E013E0075F384 = {
						CreatedOnToolsVersion = 9.0;
						ProvisioningStyle = Automatic;
						TestTargetID = 4F543EFA1F9E013E0075F384;
					};
				};
			};
			buildConfigurationList = 4F543EF61F9E013E0075F384 /* Build configuration list for PBXProject "BBSportNews" */;
			compatibilityVersion = "Xcode 8.0";
			developmentRegion = en;
			hasScannedForEncodings = 0;
			knownRegions = (
				en,
				Base,
			);
			mainGroup = 4F543EF21F9E013E0075F384;
			productRefGroup = 4F543EFC1F9E013E0075F384 /* Products */;
			projectDirPath = "";
			projectRoot = "";
			targets = (
				4F543EFA1F9E013E0075F384 /* BBSportNews */,
				4F543F101F9E013E0075F384 /* BBSportNewsTests */,
				4F543F1B1F9E013E0075F384 /* BBSportNewsUITests */,
			);
		};
/* End PBXProject section */

/* Begin PBXResourcesBuildPhase section */
		4F543EF91F9E013E0075F384 /* Resources */ = {
			isa = PBXResourcesBuildPhase;
			buildActionMask = 2147483647;
			files = (
				4F543F0B1F9E013E0075F384 /* LaunchScreen.storyboard in Resources */,
				4F543F081F9E013E0075F384 /* Assets.xcassets in Resources */,
				4F543F061F9E013E0075F384 /* Main.storyboard in Resources */,
			);
			runOnlyForDeploymentPostprocessing = 0;
		};
		4F543F0F1F9E013E0075F384 /* Resources */ = {
			isa = PBXResourcesBuildPhase;
			buildActionMask = 2147483647;
			files = (
			);
			runOnlyForDeploymentPostprocessing = 0;
		};
		4F543F1A1F9E013E0075F384 /* Resources */ = {
			isa = PBXResourcesBuildPhase;
			buildActionMask = 2147483647;
			files = (
			);
			runOnlyForDeploymentPostprocessing = 0;
		};
/* End PBXResourcesBuildPhase section */

/* Begin PBXSourcesBuildPhase section */
		4F543EF71F9E013E0075F384 /* Sources */ = {
			isa = PBXSourcesBuildPhase;
			buildActionMask = 2147483647;
			files = (
				4F0E3D671F9F35E80031DF11 /* SwiftNotificationCenter.swift in Sources */,
				4F0E3D681F9F35E80031DF11 /* WeakObjectSet.swift in Sources */,
				4F1D916B1F9F34E500B06083 /* NetReachability.swift in Sources */,
				4F026FDD1F9ECBFD006DEABF /* Article.swift in Sources */,
				4F026FDF1F9ECC13006DEABF /* BBCSportNews.swift in Sources */,
				4F543F031F9E013E0075F384 /* ArticleDetailVC.swift in Sources */,
				4F0E3D6D1F9F3BAD0031DF11 /* Manager4LocalStorage.swift in Sources */,
				4F026FE11F9ECF26006DEABF /* PendingOperations.swift in Sources */,
				4F0E3D6F1F9F4DC40031DF11 /* Manager4CacheArticleImages.swift in Sources */,
				4F27B1721F9E0AE200301EC7 /* Manager4Network.swift in Sources */,
				4F0E3D6B1F9F36150031DF11 /* NotificationProtocol.swift in Sources */,
				4F026FDA1F9ECB78006DEABF /* Manager4CacheArticle.swift in Sources */,
				4F543F011F9E013E0075F384 /* SportNewsTableVC.swift in Sources */,
				4F543EFF1F9E013E0075F384 /* AppDelegate.swift in Sources */,
				4F27B1751F9E10D400301EC7 /* ArticleInfoTVCell.swift in Sources */,
			);
			runOnlyForDeploymentPostprocessing = 0;
		};
		4F543F0D1F9E013E0075F384 /* Sources */ = {
			isa = PBXSourcesBuildPhase;
			buildActionMask = 2147483647;
			files = (
				4F543F161F9E013E0075F384 /* BBSportNewsTests.swift in Sources */,
			);
			runOnlyForDeploymentPostprocessing = 0;
		};
		4F543F181F9E013E0075F384 /* Sources */ = {
			isa = PBXSourcesBuildPhase;
			buildActionMask = 2147483647;
			files = (
				4F543F211F9E013E0075F384 /* BBSportNewsUITests.swift in Sources */,
			);
			runOnlyForDeploymentPostprocessing = 0;
		};
/* End PBXSourcesBuildPhase section */

/* Begin PBXTargetDependency section */
		4F543F131F9E013E0075F384 /* PBXTargetDependency */ = {
			isa = PBXTargetDependency;
			target = 4F543EFA1F9E013E0075F384 /* BBSportNews */;
			targetProxy = 4F543F121F9E013E0075F384 /* PBXContainerItemProxy */;
		};
		4F543F1E1F9E013E0075F384 /* PBXTargetDependency */ = {
			isa = PBXTargetDependency;
			target = 4F543EFA1F9E013E0075F384 /* BBSportNews */;
			targetProxy = 4F543F1D1F9E013E0075F384 /* PBXContainerItemProxy */;
		};
/* End PBXTargetDependency section */

/* Begin PBXVariantGroup section */
		4F543F041F9E013E0075F384 /* Main.storyboard */ = {
			isa = PBXVariantGroup;
			children = (
				4F543F051F9E013E0075F384 /* Base */,
			);
			name = Main.storyboard;
			sourceTree = "<group>";
		};
		4F543F091F9E013E0075F384 /* LaunchScreen.storyboard */ = {
			isa = PBXVariantGroup;
			children = (
				4F543F0A1F9E013E0075F384 /* Base */,
			);
			name = LaunchScreen.storyboard;
			sourceTree = "<group>";
		};
/* End PBXVariantGroup section */

/* Begin XCBuildConfiguration section */
		4F543F231F9E013E0075F384 /* Debug */ = {
			isa = XCBuildConfiguration;
			buildSettings = {
				ALWAYS_SEARCH_USER_PATHS = NO;
				CLANG_ANALYZER_NONNULL = YES;
				CLANG_ANALYZER_NUMBER_OBJECT_CONVERSION = YES_AGGRESSIVE;
				CLANG_CXX_LANGUAGE_STANDARD = "gnu++14";
				CLANG_CXX_LIBRARY = "libc++";
				CLANG_ENABLE_MODULES = YES;
				CLANG_ENABLE_OBJC_ARC = YES;
				CLANG_WARN_BLOCK_CAPTURE_AUTORELEASING = YES;
				CLANG_WARN_BOOL_CONVERSION = YES;
				CLANG_WARN_COMMA = YES;
				CLANG_WARN_CONSTANT_CONVERSION = YES;
				CLANG_WARN_DIRECT_OBJC_ISA_USAGE = YES_ERROR;
				CLANG_WARN_DOCUMENTATION_COMMENTS = YES;
				CLANG_WARN_EMPTY_BODY = YES;
				CLANG_WARN_ENUM_CONVERSION = YES;
				CLANG_WARN_INFINITE_RECURSION = YES;
				CLANG_WARN_INT_CONVERSION = YES;
				CLANG_WARN_NON_LITERAL_NULL_CONVERSION = YES;
				CLANG_WARN_OBJC_LITERAL_CONVERSION = YES;
				CLANG_WARN_OBJC_ROOT_CLASS = YES_ERROR;
				CLANG_WARN_RANGE_LOOP_ANALYSIS = YES;
				CLANG_WARN_STRICT_PROTOTYPES = YES;
				CLANG_WARN_SUSPICIOUS_MOVE = YES;
				CLANG_WARN_UNGUARDED_AVAILABILITY = YES_AGGRESSIVE;
				CLANG_WARN_UNREACHABLE_CODE = YES;
				CLANG_WARN__DUPLICATE_METHOD_MATCH = YES;
				CODE_SIGN_IDENTITY = "iPhone Developer";
				COPY_PHASE_STRIP = NO;
				DEBUG_INFORMATION_FORMAT = dwarf;
				ENABLE_STRICT_OBJC_MSGSEND = YES;
				ENABLE_TESTABILITY = YES;
				GCC_C_LANGUAGE_STANDARD = gnu11;
				GCC_DYNAMIC_NO_PIC = NO;
				GCC_NO_COMMON_BLOCKS = YES;
				GCC_OPTIMIZATION_LEVEL = 0;
				GCC_PREPROCESSOR_DEFINITIONS = (
					"DEBUG=1",
					"$(inherited)",
				);
				GCC_WARN_64_TO_32_BIT_CONVERSION = YES;
				GCC_WARN_ABOUT_RETURN_TYPE = YES_ERROR;
				GCC_WARN_UNDECLARED_SELECTOR = YES;
				GCC_WARN_UNINITIALIZED_AUTOS = YES_AGGRESSIVE;
				GCC_WARN_UNUSED_FUNCTION = YES;
				GCC_WARN_UNUSED_VARIABLE = YES;
				IPHONEOS_DEPLOYMENT_TARGET = 11.0;
				MTL_ENABLE_DEBUG_INFO = YES;
				ONLY_ACTIVE_ARCH = YES;
				SDKROOT = iphoneos;
				SWIFT_ACTIVE_COMPILATION_CONDITIONS = DEBUG;
				SWIFT_OPTIMIZATION_LEVEL = "-Onone";
			};
			name = Debug;
		};
		4F543F241F9E013E0075F384 /* Release */ = {
			isa = XCBuildConfiguration;
			buildSettings = {
				ALWAYS_SEARCH_USER_PATHS = NO;
				CLANG_ANALYZER_NONNULL = YES;
				CLANG_ANALYZER_NUMBER_OBJECT_CONVERSION = YES_AGGRESSIVE;
				CLANG_CXX_LANGUAGE_STANDARD = "gnu++14";
				CLANG_CXX_LIBRARY = "libc++";
				CLANG_ENABLE_MODULES = YES;
				CLANG_ENABLE_OBJC_ARC = YES;
				CLANG_WARN_BLOCK_CAPTURE_AUTORELEASING = YES;
				CLANG_WARN_BOOL_CONVERSION = YES;
				CLANG_WARN_COMMA = YES;
				CLANG_WARN_CONSTANT_CONVERSION = YES;
				CLANG_WARN_DIRECT_OBJC_ISA_USAGE = YES_ERROR;
				CLANG_WARN_DOCUMENTATION_COMMENTS = YES;
				CLANG_WARN_EMPTY_BODY = YES;
				CLANG_WARN_ENUM_CONVERSION = YES;
				CLANG_WARN_INFINITE_RECURSION = YES;
				CLANG_WARN_INT_CONVERSION = YES;
				CLANG_WARN_NON_LITERAL_NULL_CONVERSION = YES;
				CLANG_WARN_OBJC_LITERAL_CONVERSION = YES;
				CLANG_WARN_OBJC_ROOT_CLASS = YES_ERROR;
				CLANG_WARN_RANGE_LOOP_ANALYSIS = YES;
				CLANG_WARN_STRICT_PROTOTYPES = YES;
				CLANG_WARN_SUSPICIOUS_MOVE = YES;
				CLANG_WARN_UNGUARDED_AVAILABILITY = YES_AGGRESSIVE;
				CLANG_WARN_UNREACHABLE_CODE = YES;
				CLANG_WARN__DUPLICATE_METHOD_MATCH = YES;
				CODE_SIGN_IDENTITY = "iPhone Developer";
				COPY_PHASE_STRIP = NO;
				DEBUG_INFORMATION_FORMAT = "dwarf-with-dsym";
				ENABLE_NS_ASSERTIONS = NO;
				ENABLE_STRICT_OBJC_MSGSEND = YES;
				GCC_C_LANGUAGE_STANDARD = gnu11;
				GCC_NO_COMMON_BLOCKS = YES;
				GCC_WARN_64_TO_32_BIT_CONVERSION = YES;
				GCC_WARN_ABOUT_RETURN_TYPE = YES_ERROR;
				GCC_WARN_UNDECLARED_SELECTOR = YES;
				GCC_WARN_UNINITIALIZED_AUTOS = YES_AGGRESSIVE;
				GCC_WARN_UNUSED_FUNCTION = YES;
				GCC_WARN_UNUSED_VARIABLE = YES;
				IPHONEOS_DEPLOYMENT_TARGET = 11.0;
				MTL_ENABLE_DEBUG_INFO = NO;
				SDKROOT = iphoneos;
				SWIFT_OPTIMIZATION_LEVEL = "-Owholemodule";
				VALIDATE_PRODUCT = YES;
			};
			name = Release;
		};
		4F543F261F9E013E0075F384 /* Debug */ = {
			isa = XCBuildConfiguration;
			buildSettings = {
				ASSETCATALOG_COMPILER_APPICON_NAME = AppIcon;
				CODE_SIGN_STYLE = Automatic;
				DEVELOPMENT_TEAM = 2FRXJ4F5HV;
				INFOPLIST_FILE = BBSportNews/Info.plist;
				IPHONEOS_DEPLOYMENT_TARGET = 9.0;
				LD_RUNPATH_SEARCH_PATHS = "$(inherited) @executable_path/Frameworks";
				PRODUCT_BUNDLE_IDENTIFIER = com.donick.BBSportNews;
				PRODUCT_NAME = "$(TARGET_NAME)";
				SWIFT_VERSION = 4.0;
				TARGETED_DEVICE_FAMILY = "1,2";
			};
			name = Debug;
		};
		4F543F271F9E013E0075F384 /* Release */ = {
			isa = XCBuildConfiguration;
			buildSettings = {
				ASSETCATALOG_COMPILER_APPICON_NAME = AppIcon;
				CODE_SIGN_STYLE = Automatic;
				DEVELOPMENT_TEAM = 2FRXJ4F5HV;
				INFOPLIST_FILE = BBSportNews/Info.plist;
				IPHONEOS_DEPLOYMENT_TARGET = 9.0;
				LD_RUNPATH_SEARCH_PATHS = "$(inherited) @executable_path/Frameworks";
				PRODUCT_BUNDLE_IDENTIFIER = com.donick.BBSportNews;
				PRODUCT_NAME = "$(TARGET_NAME)";
				SWIFT_VERSION = 4.0;
				TARGETED_DEVICE_FAMILY = "1,2";
			};
			name = Release;
		};
		4F543F291F9E013E0075F384 /* Debug */ = {
			isa = XCBuildConfiguration;
			buildSettings = {
				ALWAYS_EMBED_SWIFT_STANDARD_LIBRARIES = YES;
				BUNDLE_LOADER = "$(TEST_HOST)";
				CODE_SIGN_STYLE = Automatic;
				DEVELOPMENT_TEAM = 2FRXJ4F5HV;
				INFOPLIST_FILE = BBSportNewsTests/Info.plist;
				LD_RUNPATH_SEARCH_PATHS = "$(inherited) @executable_path/Frameworks @loader_path/Frameworks";
				PRODUCT_BUNDLE_IDENTIFIER = com.donick.BBSportNewsTests;
				PRODUCT_NAME = "$(TARGET_NAME)";
				SWIFT_VERSION = 4.0;
				TARGETED_DEVICE_FAMILY = "1,2";
				TEST_HOST = "$(BUILT_PRODUCTS_DIR)/BBSportNews.app/BBSportNews";
			};
			name = Debug;
		};
		4F543F2A1F9E013E0075F384 /* Release */ = {
			isa = XCBuildConfiguration;
			buildSettings = {
				ALWAYS_EMBED_SWIFT_STANDARD_LIBRARIES = YES;
				BUNDLE_LOADER = "$(TEST_HOST)";
				CODE_SIGN_STYLE = Automatic;
				DEVELOPMENT_TEAM = 2FRXJ4F5HV;
				INFOPLIST_FILE = BBSportNewsTests/Info.plist;
				LD_RUNPATH_SEARCH_PATHS = "$(inherited) @executable_path/Frameworks @loader_path/Frameworks";
				PRODUCT_BUNDLE_IDENTIFIER = com.donick.BBSportNewsTests;
				PRODUCT_NAME = "$(TARGET_NAME)";
				SWIFT_VERSION = 4.0;
				TARGETED_DEVICE_FAMILY = "1,2";
				TEST_HOST = "$(BUILT_PRODUCTS_DIR)/BBSportNews.app/BBSportNews";
			};
			name = Release;
		};
		4F543F2C1F9E013E0075F384 /* Debug */ = {
			isa = XCBuildConfiguration;
			buildSettings = {
				ALWAYS_EMBED_SWIFT_STANDARD_LIBRARIES = YES;
				CODE_SIGN_STYLE = Automatic;
				DEVELOPMENT_TEAM = 2FRXJ4F5HV;
				INFOPLIST_FILE = BBSportNewsUITests/Info.plist;
				LD_RUNPATH_SEARCH_PATHS = "$(inherited) @executable_path/Frameworks @loader_path/Frameworks";
				PRODUCT_BUNDLE_IDENTIFIER = com.donick.BBSportNewsUITests;
				PRODUCT_NAME = "$(TARGET_NAME)";
				SWIFT_VERSION = 4.0;
				TARGETED_DEVICE_FAMILY = "1,2";
				TEST_TARGET_NAME = BBSportNews;
			};
			name = Debug;
		};
		4F543F2D1F9E013E0075F384 /* Release */ = {
			isa = XCBuildConfiguration;
			buildSettings = {
				ALWAYS_EMBED_SWIFT_STANDARD_LIBRARIES = YES;
				CODE_SIGN_STYLE = Automatic;
				DEVELOPMENT_TEAM = 2FRXJ4F5HV;
				INFOPLIST_FILE = BBSportNewsUITests/Info.plist;
				LD_RUNPATH_SEARCH_PATHS = "$(inherited) @executable_path/Frameworks @loader_path/Frameworks";
				PRODUCT_BUNDLE_IDENTIFIER = com.donick.BBSportNewsUITests;
				PRODUCT_NAME = "$(TARGET_NAME)";
				SWIFT_VERSION = 4.0;
				TARGETED_DEVICE_FAMILY = "1,2";
				TEST_TARGET_NAME = BBSportNews;
			};
			name = Release;
		};
/* End XCBuildConfiguration section */

/* Begin XCConfigurationList section */
		4F543EF61F9E013E0075F384 /* Build configuration list for PBXProject "BBSportNews" */ = {
			isa = XCConfigurationList;
			buildConfigurations = (
				4F543F231F9E013E0075F384 /* Debug */,
				4F543F241F9E013E0075F384 /* Release */,
			);
			defaultConfigurationIsVisible = 0;
			defaultConfigurationName = Release;
		};
		4F543F251F9E013E0075F384 /* Build configuration list for PBXNativeTarget "BBSportNews" */ = {
			isa = XCConfigurationList;
			buildConfigurations = (
				4F543F261F9E013E0075F384 /* Debug */,
				4F543F271F9E013E0075F384 /* Release */,
			);
			defaultConfigurationIsVisible = 0;
			defaultConfigurationName = Release;
		};
		4F543F281F9E013E0075F384 /* Build configuration list for PBXNativeTarget "BBSportNewsTests" */ = {
			isa = XCConfigurationList;
			buildConfigurations = (
				4F543F291F9E013E0075F384 /* Debug */,
				4F543F2A1F9E013E0075F384 /* Release */,
			);
			defaultConfigurationIsVisible = 0;
			defaultConfigurationName = Release;
		};
		4F543F2B1F9E013E0075F384 /* Build configuration list for PBXNativeTarget "BBSportNewsUITests" */ = {
			isa = XCConfigurationList;
			buildConfigurations = (
				4F543F2C1F9E013E0075F384 /* Debug */,
				4F543F2D1F9E013E0075F384 /* Release */,
			);
			defaultConfigurationIsVisible = 0;
			defaultConfigurationName = Release;
		};
/* End XCConfigurationList section */
	};
	rootObject = 4F543EF31F9E013E0075F384 /* Project object */;
}
